
Microsoft Visual Studio Solution File, Format Version 12.00
# Visual Studio 15
VisualStudioVersion = 15.0.28010.2048
MinimumVisualStudioVersion = 10.0.40219.1
Project("{FAE04EC0-301F-11D3-BF4B-00C04F79EFBC}") = "LastCallBase", "LastCallBase\LastCallBase.csproj", "{0A313AD3-FF8E-4554-A132-FF99A0786AD7}"
EndProject
Global
	GlobalSection(SolutionConfigurationPlatforms) = preSolution
		Debug|Any CPU = Debug|Any CPU
		Release|Any CPU = Release|Any CPU
	EndGlobalSection
	GlobalSection(ProjectConfigurationPlatforms) = postSolution
		{0A313AD3-FF8E-4554-A132-FF99A0786AD7}.Debug|Any CPU.ActiveCfg = Debug|Any CPU
		{0A313AD3-FF8E-4554-A132-FF99A0786AD7}.Debug|Any CPU.Build.0 = Debug|Any CPU
		{0A313AD3-FF8E-4554-A132-FF99A0786AD7}.Release|Any CPU.ActiveCfg = Release|Any CPU
		{0A313AD3-FF8E-4554-A132-FF99A0786AD7}.Release|Any CPU.Build.0 = Release|Any CPU
	EndGlobalSection
	GlobalSection(SolutionProperties) = preSolution
		HideSolutionNode = FALSE
	EndGlobalSection
	GlobalSection(ExtensibilityGlobals) = postSolution
		SolutionGuid = {F5B9077F-1747-404C-B824-6CD9EC80BD69}
	EndGlobalSection
EndGlobal
